
Microsoft Visual Studio Solution File, Format Version 12.00
# Visual Studio Version 17
VisualStudioVersion = 17.7.34009.444
MinimumVisualStudioVersion = 10.0.40219.1
Project("{FAE04EC0-301F-11D3-BF4B-00C04F79EFBC}") = "GenericClasses", "GenericClasses.csproj", "{3AA918A4-3F64-4354-8E04-741E5CBD1B59}"
EndProject
Global
	GlobalSection(SolutionConfigurationPlatforms) = preSolution
		Debug|Any CPU = Debug|Any CPU
		Release|Any CPU = Release|Any CPU
	EndGlobalSection
	GlobalSection(ProjectConfigurationPlatforms) = postSolution
		{3AA918A4-3F64-4354-8E04-741E5CBD1B59}.Debug|Any CPU.ActiveCfg = Debug|Any CPU
		{3AA918A4-3F64-4354-8E04-741E5CBD1B59}.Debug|Any CPU.Build.0 = Debug|Any CPU
		{3AA918A4-3F64-4354-8E04-741E5CBD1B59}.Release|Any CPU.ActiveCfg = Release|Any CPU
		{3AA918A4-3F64-4354-8E04-741E5CBD1B59}.Release|Any CPU.Build.0 = Release|Any CPU
	EndGlobalSection
	GlobalSection(SolutionProperties) = preSolution
		HideSolutionNode = FALSE
	EndGlobalSection
	GlobalSection(ExtensibilityGlobals) = postSolution
		SolutionGuid = {C7463290-1C9F-4268-A436-B0A2AE43BAE0}
	EndGlobalSection
EndGlobal
